{
  "name": "api_desafio_BrisaNet",
  "lockfileVersion": 2,
  "requires": true,
  "packages": {
    "": {
      "dependencies": {
        "rsuite": "^5.15.1"
      }
    },
    "node_modules/@babel/runtime": {
      "version": "7.18.6",
      "resolved": "https://registry.npmjs.org/@babel/runtime/-/runtime-7.18.6.tgz",
      "integrity": "sha512-t9wi7/AW6XtKahAe20Yw0/mMljKq0B1r2fPdvaAdV/KPDZewFXdaaa6K7lxmZBZ8FBNpCiAT6iHPmd6QO9bKfQ==",
      "dependencies": {
        "regenerator-runtime": "^0.13.4"
      },
      "engines": {
        "node": ">=6.9.0"
      }
    },
    "node_modules/@juggle/resize-observer": {
      "version": "3.3.1",
      "resolved": "https://registry.npmjs.org/@juggle/resize-observer/-/resize-observer-3.3.1.tgz",
      "integrity": "sha512-zMM9Ds+SawiUkakS7y94Ymqx+S0ORzpG3frZirN3l+UlXUmSUR7hF4wxCVqW+ei94JzV5kt0uXBcoOEAuiydrw=="
    },
    "node_modules/@rsuite/icon-font": {
      "version": "4.0.0",
      "resolved": "https://registry.npmjs.org/@rsuite/icon-font/-/icon-font-4.0.0.tgz",
      "integrity": "sha512-rZTgpTH3H3HLczCA2rnkWfoMKm0ZXoRzsrkVujfP/FfslnKUMvO6w56pa8pCvhWGpNEPUsLS2ULnFGpTEcup/Q=="
    },
    "node_modules/@rsuite/icons": {
      "version": "1.0.2",
      "resolved": "https://registry.npmjs.org/@rsuite/icons/-/icons-1.0.2.tgz",
      "integrity": "sha512-Y7vJNDQpJnFlyYSUXQ2iQ9Meg7+ZKcrIenhpYDdM3c7vYDE/L7pml+hrK28jk6QfV/QkVv5B504D+l7aM6AAJQ==",
      "dependencies": {
        "@rsuite/icon-font": "^4.0.0",
        "classnames": "^2.2.5",
        "insert-css": "^2.0.0",
        "lodash": "^4.17.20"
      },
      "peerDependencies": {
        "react": ">=16.8.0",
        "react-dom": ">=16.8.0"
      }
    },
    "node_modules/@types/chai": {
      "version": "4.3.1",
      "resolved": "https://registry.npmjs.org/@types/chai/-/chai-4.3.1.tgz",
      "integrity": "sha512-/zPMqDkzSZ8t3VtxOa4KPq7uzzW978M9Tvh+j7GHKuo6k6GTLxPJ4J5gE5cjfJ26pnXst0N5Hax8Sr0T2Mi9zQ=="
    },
    "node_modules/@types/lodash": {
      "version": "4.14.182",
      "resolved": "https://registry.npmjs.org/@types/lodash/-/lodash-4.14.182.tgz",
      "integrity": "sha512-/THyiqyQAP9AfARo4pF+aCGcyiQ94tX/Is2I7HofNRqoYLgN1PBoOWu2/zTA5zMxzP5EFutMtWtGAFRKUe961Q=="
    },
    "node_modules/@types/prop-types": {
      "version": "15.7.5",
      "resolved": "https://registry.npmjs.org/@types/prop-types/-/prop-types-15.7.5.tgz",
      "integrity": "sha512-JCB8C6SnDoQf0cNycqd/35A7MjcnK+ZTqE7judS6o7utxUCg6imJg3QK2qzHKszlTjcj2cn+NwMB2i96ubpj7w=="
    },
    "node_modules/@types/react": {
      "version": "17.0.47",
      "resolved": "https://registry.npmjs.org/@types/react/-/react-17.0.47.tgz",
      "integrity": "sha512-mk0BL8zBinf2ozNr3qPnlu1oyVTYq+4V7WA76RgxUAtf0Em/Wbid38KN6n4abEkvO4xMTBWmnP1FtQzgkEiJoA==",
      "dependencies": {
        "@types/prop-types": "*",
        "@types/scheduler": "*",
        "csstype": "^3.0.2"
      }
    },
    "node_modules/@types/react-virtualized": {
      "version": "9.21.21",
      "resolved": "https://registry.npmjs.org/@types/react-virtualized/-/react-virtualized-9.21.21.tgz",
      "integrity": "sha512-Exx6I7p4Qn+BBA1SRyj/UwQlZ0I0Pq7g7uhAp0QQ4JWzZunqEqNBGTmCmMmS/3N9wFgAGWuBD16ap7k8Y14VPA==",
      "dependencies": {
        "@types/prop-types": "*",
        "@types/react": "^17"
      }
    },
    "node_modules/@types/scheduler": {
      "version": "0.16.2",
      "resolved": "https://registry.npmjs.org/@types/scheduler/-/scheduler-0.16.2.tgz",
      "integrity": "sha512-hppQEBDmlwhFAXKJX2KnWLYu5yMfi91yazPb2l+lbJiwW+wdo1gNeRA+3RgNSO39WYX2euey41KEwnqesU2Jew=="
    },
    "node_modules/classnames": {
      "version": "2.3.1",
      "resolved": "https://registry.npmjs.org/classnames/-/classnames-2.3.1.tgz",
      "integrity": "sha512-OlQdbZ7gLfGarSqxesMesDa5uz7KFbID8Kpq/SxIoNGDqY8lSYs0D+hhtBXhcdB3rcbXArFr7vlHheLk1voeNA=="
    },
    "node_modules/clsx": {
      "version": "1.1.1",
      "resolved": "https://registry.npmjs.org/clsx/-/clsx-1.1.1.tgz",
      "integrity": "sha512-6/bPho624p3S2pMyvP5kKBPXnI3ufHLObBFCfgx+LkeR5lg2XYy2hqZqUf45ypD8COn2bhgGJSUE+l5dhNBieA==",
      "engines": {
        "node": ">=6"
      }
    },
    "node_modules/csstype": {
      "version": "3.1.0",
      "resolved": "https://registry.npmjs.org/csstype/-/csstype-3.1.0.tgz",
      "integrity": "sha512-uX1KG+x9h5hIJsaKR9xHUeUraxf8IODOwq9JLNPq6BwB04a/xgpq3rcx47l5BZu5zBPlgD342tdke3Hom/nJRA=="
    },
    "node_modules/date-fns": {
      "version": "2.28.0",
      "resolved": "https://registry.npmjs.org/date-fns/-/date-fns-2.28.0.tgz",
      "integrity": "sha512-8d35hViGYx/QH0icHYCeLmsLmMUheMmTyV9Fcm6gvNwdw31yXXH+O85sOBJ+OLnLQMKZowvpKb6FgMIQjcpvQw==",
      "engines": {
        "node": ">=0.11"
      },
      "funding": {
        "type": "opencollective",
        "url": "https://opencollective.com/date-fns"
      }
    },
    "node_modules/dom-helpers": {
      "version": "5.2.1",
      "resolved": "https://registry.npmjs.org/dom-helpers/-/dom-helpers-5.2.1.tgz",
      "integrity": "sha512-nRCa7CK3VTrM2NmGkIy4cbK7IZlgBE/PYMn55rrXefr5xXDP0LdtfPnblFDoVdcAfslJ7or6iqAUnx0CCGIWQA==",
      "dependencies": {
        "@babel/runtime": "^7.8.7",
        "csstype": "^3.0.2"
      }
    },
    "node_modules/dom-lib": {
      "version": "3.1.2",
      "resolved": "https://registry.npmjs.org/dom-lib/-/dom-lib-3.1.2.tgz",
      "integrity": "sha512-FKw/w51guhTwiSnyCQKTxEwglnZG7Q1qJO62asKwedcqCCHwrwQP8DnMPBTXL9y3JTePFDaPS95GLha/Q9nd/w==",
      "dependencies": {
        "@babel/runtime": "^7.16.0"
      }
    },
    "node_modules/insert-css": {
      "version": "2.0.0",
      "resolved": "https://registry.npmjs.org/insert-css/-/insert-css-2.0.0.tgz",
      "integrity": "sha512-xGq5ISgcUP5cvGkS2MMFLtPDBtrtQPSFfC6gA6U8wHKqfjTIMZLZNxOItQnoSjdOzlXOLU/yD32RKC4SvjNbtA=="
    },
    "node_modules/js-tokens": {
      "version": "4.0.0",
      "resolved": "https://registry.npmjs.org/js-tokens/-/js-tokens-4.0.0.tgz",
      "integrity": "sha512-RdJUflcE3cUzKiMqQgsCu06FPu9UdIJO0beYbPhHN4k6apgJtifcoCtT9bcxOpYBtpD2kCM6Sbzg4CausW/PKQ=="
    },
    "node_modules/lodash": {
      "version": "4.17.21",
      "resolved": "https://registry.npmjs.org/lodash/-/lodash-4.17.21.tgz",
      "integrity": "sha512-v2kDEe57lecTulaDIuNTPy3Ry4gLGJ6Z1O3vE1krgXZNrsQ+LFTGHVxVjcXPs17LhbZVGedAJv8XZ1tvj5FvSg=="
    },
    "node_modules/loose-envify": {
      "version": "1.4.0",
      "resolved": "https://registry.npmjs.org/loose-envify/-/loose-envify-1.4.0.tgz",
      "integrity": "sha512-lyuxPGr/Wfhrlem2CL/UcnUc1zcqKAImBDzukY7Y5F/yQiNdko6+fRLevlw1HgMySw7f611UIY408EtxRSoK3Q==",
      "dependencies": {
        "js-tokens": "^3.0.0 || ^4.0.0"
      },
      "bin": {
        "loose-envify": "cli.js"
      }
    },
    "node_modules/object-assign": {
      "version": "4.1.1",
      "resolved": "https://registry.npmjs.org/object-assign/-/object-assign-4.1.1.tgz",
      "integrity": "sha512-rJgTQnkUnH1sFw8yT6VSU3zD3sWmu6sZhIseY8VX+GRu3P6F7Fu+JNDoXfklElbLJSnc3FUQHVe4cU5hj+BcUg==",
      "engines": {
        "node": ">=0.10.0"
      }
    },
    "node_modules/prop-types": {
      "version": "15.8.1",
      "resolved": "https://registry.npmjs.org/prop-types/-/prop-types-15.8.1.tgz",
      "integrity": "sha512-oj87CgZICdulUohogVAR7AjlC0327U4el4L6eAvOqCeudMDVU0NThNaV+b9Df4dXgSP1gXMTnPdhfe/2qDH5cg==",
      "dependencies": {
        "loose-envify": "^1.4.0",
        "object-assign": "^4.1.1",
        "react-is": "^16.13.1"
      }
    },
    "node_modules/react": {
      "version": "16.14.0",
      "resolved": "https://registry.npmjs.org/react/-/react-16.14.0.tgz",
      "integrity": "sha512-0X2CImDkJGApiAlcf0ODKIneSwBPhqJawOa5wCtKbu7ZECrmS26NvtSILynQ66cgkT/RJ4LidJOc3bUESwmU8g==",
      "peer": true,
      "dependencies": {
        "loose-envify": "^1.1.0",
        "object-assign": "^4.1.1",
        "prop-types": "^15.6.2"
      },
      "engines": {
        "node": ">=0.10.0"
      }
    },
    "node_modules/react-dom": {
      "version": "16.14.0",
      "resolved": "https://registry.npmjs.org/react-dom/-/react-dom-16.14.0.tgz",
      "integrity": "sha512-1gCeQXDLoIqMgqD3IO2Ah9bnf0w9kzhwN5q4FGnHZ67hBm9yePzB5JJAIQCc8x3pFnNlwFq4RidZggNAAkzWWw==",
      "peer": true,
      "dependencies": {
        "loose-envify": "^1.1.0",
        "object-assign": "^4.1.1",
        "prop-types": "^15.6.2",
        "scheduler": "^0.19.1"
      },
      "peerDependencies": {
        "react": "^16.14.0"
      }
    },
    "node_modules/react-is": {
      "version": "16.13.1",
      "resolved": "https://registry.npmjs.org/react-is/-/react-is-16.13.1.tgz",
      "integrity": "sha512-24e6ynE2H+OKt4kqsOvNd8kBpV65zoxbA4BVsEOB3ARVWQki/DHzaUoC5KuON/BiccDaCCTZBuOcfZs70kR8bQ=="
    },
    "node_modules/react-lifecycles-compat": {
      "version": "3.0.4",
      "resolved": "https://registry.npmjs.org/react-lifecycles-compat/-/react-lifecycles-compat-3.0.4.tgz",
      "integrity": "sha512-fBASbA6LnOU9dOU2eW7aQ8xmYBSXUIWr+UmF9b1efZBazGNO+rcXT/icdKnYm2pTwcRylVUYwW7H1PHfLekVzA=="
    },
    "node_modules/react-virtualized": {
      "version": "9.22.3",
      "resolved": "https://registry.npmjs.org/react-virtualized/-/react-virtualized-9.22.3.tgz",
      "integrity": "sha512-MKovKMxWTcwPSxE1kK1HcheQTWfuCxAuBoSTf2gwyMM21NdX/PXUhnoP8Uc5dRKd+nKm8v41R36OellhdCpkrw==",
      "dependencies": {
        "@babel/runtime": "^7.7.2",
        "clsx": "^1.0.4",
        "dom-helpers": "^5.1.3",
        "loose-envify": "^1.4.0",
        "prop-types": "^15.7.2",
        "react-lifecycles-compat": "^3.0.4"
      },
      "peerDependencies": {
        "react": "^15.3.0 || ^16.0.0-alpha",
        "react-dom": "^15.3.0 || ^16.0.0-alpha"
      }
    },
    "node_modules/regenerator-runtime": {
      "version": "0.13.9",
      "resolved": "https://registry.npmjs.org/regenerator-runtime/-/regenerator-runtime-0.13.9.tgz",
      "integrity": "sha512-p3VT+cOEgxFsRRA9X4lkI1E+k2/CtnKtU4gcxyaCUreilL/vqI6CdZ3wxVUx3UOUg+gnUOQQcRI7BmSI656MYA=="
    },
    "node_modules/rsuite": {
      "version": "5.15.1",
      "resolved": "https://registry.npmjs.org/rsuite/-/rsuite-5.15.1.tgz",
      "integrity": "sha512-3zNzCfrSnceMFvFgpgBlgc/kfGaIwgqO8mm5lBfX9vRMMQiGgsqfHAMXvwbTWP3hPhMyi5y8gY/VYgcnWqfN+A==",
      "dependencies": {
        "@babel/runtime": "^7.8.4",
        "@juggle/resize-observer": "^3.3.1",
        "@rsuite/icons": "^1.0.2",
        "@types/chai": "^4.2.18",
        "@types/lodash": "^4.14.134",
        "@types/prop-types": "^15.7.4",
        "@types/react-virtualized": "^9.21.11",
        "classnames": "^2.3.1",
        "date-fns": "^2.13.0",
        "dom-lib": "^3.1.2",
        "lodash": "^4.17.11",
        "prop-types": "^15.7.2",
        "react-virtualized": "^9.22.3",
        "rsuite-table": "^5.5.0",
        "schema-typed": "^2.0.2"
      },
      "peerDependencies": {
        "react": ">=16.8.0",
        "react-dom": ">=16.8.0"
      }
    },
    "node_modules/rsuite-table": {
      "version": "5.6.0",
      "resolved": "https://registry.npmjs.org/rsuite-table/-/rsuite-table-5.6.0.tgz",
      "integrity": "sha512-UWljBH/NKwUNv0260XCACUP9NnKqfKbF7NMKr1EQ/HpOlTLYU+kJO85/v7rNHq5fcuLl6p8xesgObbi35LWThg==",
      "dependencies": {
        "@babel/runtime": "^7.12.5",
        "@juggle/resize-observer": "^3.3.1",
        "@rsuite/icons": "^1.0.0",
        "classnames": "^2.2.5",
        "dom-lib": "^3.1.2",
        "lodash": "^4.17.21",
        "react-is": "^17.0.2"
      },
      "peerDependencies": {
        "prop-types": "^15.7.2",
        "react": "^0.14.9 || >=15.3.0",
        "react-dom": "^0.14.9 || >=15.3.0"
      }
    },
    "node_modules/rsuite-table/node_modules/react-is": {
      "version": "17.0.2",
      "resolved": "https://registry.npmjs.org/react-is/-/react-is-17.0.2.tgz",
      "integrity": "sha512-w2GsyukL62IJnlaff/nRegPQR94C/XXamvMWmSHRJ4y7Ts/4ocGRmTHvOs8PSE6pB3dWOrD/nueuU5sduBsQ4w=="
    },
    "node_modules/scheduler": {
      "version": "0.19.1",
      "resolved": "https://registry.npmjs.org/scheduler/-/scheduler-0.19.1.tgz",
      "integrity": "sha512-n/zwRWRYSUj0/3g/otKDRPMh6qv2SYMWNq85IEa8iZyAv8od9zDYpGSnpBEjNgcMNq6Scbu5KfIPxNF72R/2EA==",
      "peer": true,
      "dependencies": {
        "loose-envify": "^1.1.0",
        "object-assign": "^4.1.1"
      }
    },
    "node_modules/schema-typed": {
      "version": "2.0.2",
      "resolved": "https://registry.npmjs.org/schema-typed/-/schema-typed-2.0.2.tgz",
      "integrity": "sha512-E8GAANjZ8oYwyQJEyf/93W1QERTCwu8N7aMUbgBWbYvqzZE8f/kAZaL5D9knr7yLEgMnwJQ4pd8x8EVZ0PpzUA==",
      "dependencies": {
        "@babel/runtime": "^7.16.0"
      }
    }
  },
  "dependencies": {
    "@babel/runtime": {
      "version": "7.18.6",
      "resolved": "https://registry.npmjs.org/@babel/runtime/-/runtime-7.18.6.tgz",
      "integrity": "sha512-t9wi7/AW6XtKahAe20Yw0/mMljKq0B1r2fPdvaAdV/KPDZewFXdaaa6K7lxmZBZ8FBNpCiAT6iHPmd6QO9bKfQ==",
      "requires": {
        "regenerator-runtime": "^0.13.4"
      }
    },
    "@juggle/resize-observer": {
      "version": "3.3.1",
      "resolved": "https://registry.npmjs.org/@juggle/resize-observer/-/resize-observer-3.3.1.tgz",
      "integrity": "sha512-zMM9Ds+SawiUkakS7y94Ymqx+S0ORzpG3frZirN3l+UlXUmSUR7hF4wxCVqW+ei94JzV5kt0uXBcoOEAuiydrw=="
    },
    "@rsuite/icon-font": {
      "version": "4.0.0",
      "resolved": "https://registry.npmjs.org/@rsuite/icon-font/-/icon-font-4.0.0.tgz",
      "integrity": "sha512-rZTgpTH3H3HLczCA2rnkWfoMKm0ZXoRzsrkVujfP/FfslnKUMvO6w56pa8pCvhWGpNEPUsLS2ULnFGpTEcup/Q=="
    },
    "@rsuite/icons": {
      "version": "1.0.2",
      "resolved": "https://registry.npmjs.org/@rsuite/icons/-/icons-1.0.2.tgz",
      "integrity": "sha512-Y7vJNDQpJnFlyYSUXQ2iQ9Meg7+ZKcrIenhpYDdM3c7vYDE/L7pml+hrK28jk6QfV/QkVv5B504D+l7aM6AAJQ==",
      "requires": {
        "@rsuite/icon-font": "^4.0.0",
        "classnames": "^2.2.5",
        "insert-css": "^2.0.0",
        "lodash": "^4.17.20"
      }
    },
    "@types/chai": {
      "version": "4.3.1",
      "resolved": "https://registry.npmjs.org/@types/chai/-/chai-4.3.1.tgz",
      "integrity": "sha512-/zPMqDkzSZ8t3VtxOa4KPq7uzzW978M9Tvh+j7GHKuo6k6GTLxPJ4J5gE5cjfJ26pnXst0N5Hax8Sr0T2Mi9zQ=="
    },
    "@types/lodash": {
      "version": "4.14.182",
      "resolved": "https://registry.npmjs.org/@types/lodash/-/lodash-4.14.182.tgz",
      "integrity": "sha512-/THyiqyQAP9AfARo4pF+aCGcyiQ94tX/Is2I7HofNRqoYLgN1PBoOWu2/zTA5zMxzP5EFutMtWtGAFRKUe961Q=="
    },
    "@types/prop-types": {
      "version": "15.7.5",
      "resolved": "https://registry.npmjs.org/@types/prop-types/-/prop-types-15.7.5.tgz",
      "integrity": "sha512-JCB8C6SnDoQf0cNycqd/35A7MjcnK+ZTqE7judS6o7utxUCg6imJg3QK2qzHKszlTjcj2cn+NwMB2i96ubpj7w=="
    },
    "@types/react": {
      "version": "17.0.47",
      "resolved": "https://registry.npmjs.org/@types/react/-/react-17.0.47.tgz",
      "integrity": "sha512-mk0BL8zBinf2ozNr3qPnlu1oyVTYq+4V7WA76RgxUAtf0Em/Wbid38KN6n4abEkvO4xMTBWmnP1FtQzgkEiJoA==",
      "requires": {
        "@types/prop-types": "*",
        "@types/scheduler": "*",
        "csstype": "^3.0.2"
      }
    },
    "@types/react-virtualized": {
      "version": "9.21.21",
      "resolved": "https://registry.npmjs.org/@types/react-virtualized/-/react-virtualized-9.21.21.tgz",
      "integrity": "sha512-Exx6I7p4Qn+BBA1SRyj/UwQlZ0I0Pq7g7uhAp0QQ4JWzZunqEqNBGTmCmMmS/3N9wFgAGWuBD16ap7k8Y14VPA==",
      "requires": {
        "@types/prop-types": "*",
        "@types/react": "^17"
      }
    },
    "@types/scheduler": {
      "version": "0.16.2",
      "resolved": "https://registry.npmjs.org/@types/scheduler/-/scheduler-0.16.2.tgz",
      "integrity": "sha512-hppQEBDmlwhFAXKJX2KnWLYu5yMfi91yazPb2l+lbJiwW+wdo1gNeRA+3RgNSO39WYX2euey41KEwnqesU2Jew=="
    },
    "classnames": {
      "version": "2.3.1",
      "resolved": "https://registry.npmjs.org/classnames/-/classnames-2.3.1.tgz",
      "integrity": "sha512-OlQdbZ7gLfGarSqxesMesDa5uz7KFbID8Kpq/SxIoNGDqY8lSYs0D+hhtBXhcdB3rcbXArFr7vlHheLk1voeNA=="
    },
    "clsx": {
      "version": "1.1.1",
      "resolved": "https://registry.npmjs.org/clsx/-/clsx-1.1.1.tgz",
      "integrity": "sha512-6/bPho624p3S2pMyvP5kKBPXnI3ufHLObBFCfgx+LkeR5lg2XYy2hqZqUf45ypD8COn2bhgGJSUE+l5dhNBieA=="
    },
    "csstype": {
      "version": "3.1.0",
      "resolved": "https://registry.npmjs.org/csstype/-/csstype-3.1.0.tgz",
      "integrity": "sha512-uX1KG+x9h5hIJsaKR9xHUeUraxf8IODOwq9JLNPq6BwB04a/xgpq3rcx47l5BZu5zBPlgD342tdke3Hom/nJRA=="
    },
    "date-fns": {
      "version": "2.28.0",
      "resolved": "https://registry.npmjs.org/date-fns/-/date-fns-2.28.0.tgz",
      "integrity": "sha512-8d35hViGYx/QH0icHYCeLmsLmMUheMmTyV9Fcm6gvNwdw31yXXH+O85sOBJ+OLnLQMKZowvpKb6FgMIQjcpvQw=="
    },
    "dom-helpers": {
      "version": "5.2.1",
      "resolved": "https://registry.npmjs.org/dom-helpers/-/dom-helpers-5.2.1.tgz",
      "integrity": "sha512-nRCa7CK3VTrM2NmGkIy4cbK7IZlgBE/PYMn55rrXefr5xXDP0LdtfPnblFDoVdcAfslJ7or6iqAUnx0CCGIWQA==",
      "requires": {
        "@babel/runtime": "^7.8.7",
        "csstype": "^3.0.2"
      }
    },
    "dom-lib": {
      "version": "3.1.2",
      "resolved": "https://registry.npmjs.org/dom-lib/-/dom-lib-3.1.2.tgz",
      "integrity": "sha512-FKw/w51guhTwiSnyCQKTxEwglnZG7Q1qJO62asKwedcqCCHwrwQP8DnMPBTXL9y3JTePFDaPS95GLha/Q9nd/w==",
      "requires": {
        "@babel/runtime": "^7.16.0"
      }
    },
    "insert-css": {
      "version": "2.0.0",
      "resolved": "https://registry.npmjs.org/insert-css/-/insert-css-2.0.0.tgz",
      "integrity": "sha512-xGq5ISgcUP5cvGkS2MMFLtPDBtrtQPSFfC6gA6U8wHKqfjTIMZLZNxOItQnoSjdOzlXOLU/yD32RKC4SvjNbtA=="
    },
    "js-tokens": {
      "version": "4.0.0",
      "resolved": "https://registry.npmjs.org/js-tokens/-/js-tokens-4.0.0.tgz",
      "integrity": "sha512-RdJUflcE3cUzKiMqQgsCu06FPu9UdIJO0beYbPhHN4k6apgJtifcoCtT9bcxOpYBtpD2kCM6Sbzg4CausW/PKQ=="
    },
    "lodash": {
      "version": "4.17.21",
      "resolved": "https://registry.npmjs.org/lodash/-/lodash-4.17.21.tgz",
      "integrity": "sha512-v2kDEe57lecTulaDIuNTPy3Ry4gLGJ6Z1O3vE1krgXZNrsQ+LFTGHVxVjcXPs17LhbZVGedAJv8XZ1tvj5FvSg=="
    },
    "loose-envify": {
      "version": "1.4.0",
      "resolved": "https://registry.npmjs.org/loose-envify/-/loose-envify-1.4.0.tgz",
      "integrity": "sha512-lyuxPGr/Wfhrlem2CL/UcnUc1zcqKAImBDzukY7Y5F/yQiNdko6+fRLevlw1HgMySw7f611UIY408EtxRSoK3Q==",
      "requires": {
        "js-tokens": "^3.0.0 || ^4.0.0"
      }
    },
    "object-assign": {
      "version": "4.1.1",
      "resolved": "https://registry.npmjs.org/object-assign/-/object-assign-4.1.1.tgz",
      "integrity": "sha512-rJgTQnkUnH1sFw8yT6VSU3zD3sWmu6sZhIseY8VX+GRu3P6F7Fu+JNDoXfklElbLJSnc3FUQHVe4cU5hj+BcUg=="
    },
    "prop-types": {
      "version": "15.8.1",
      "resolved": "https://registry.npmjs.org/prop-types/-/prop-types-15.8.1.tgz",
      "integrity": "sha512-oj87CgZICdulUohogVAR7AjlC0327U4el4L6eAvOqCeudMDVU0NThNaV+b9Df4dXgSP1gXMTnPdhfe/2qDH5cg==",
      "requires": {
        "loose-envify": "^1.4.0",
        "object-assign": "^4.1.1",
        "react-is": "^16.13.1"
      }
    },
    "react": {
      "version": "16.14.0",
      "resolved": "https://registry.npmjs.org/react/-/react-16.14.0.tgz",
      "integrity": "sha512-0X2CImDkJGApiAlcf0ODKIneSwBPhqJawOa5wCtKbu7ZECrmS26NvtSILynQ66cgkT/RJ4LidJOc3bUESwmU8g==",
      "peer": true,
      "requires": {
        "loose-envify": "^1.1.0",
        "object-assign": "^4.1.1",
        "prop-types": "^15.6.2"
      }
    },
    "react-dom": {
      "version": "16.14.0",
      "resolved": "https://registry.npmjs.org/react-dom/-/react-dom-16.14.0.tgz",
      "integrity": "sha512-1gCeQXDLoIqMgqD3IO2Ah9bnf0w9kzhwN5q4FGnHZ67hBm9yePzB5JJAIQCc8x3pFnNlwFq4RidZggNAAkzWWw==",
      "peer": true,
      "requires": {
        "loose-envify": "^1.1.0",
        "object-assign": "^4.1.1",
        "prop-types": "^15.6.2",
        "scheduler": "^0.19.1"
      }
    },
    "react-is": {
      "version": "16.13.1",
      "resolved": "https://registry.npmjs.org/react-is/-/react-is-16.13.1.tgz",
      "integrity": "sha512-24e6ynE2H+OKt4kqsOvNd8kBpV65zoxbA4BVsEOB3ARVWQki/DHzaUoC5KuON/BiccDaCCTZBuOcfZs70kR8bQ=="
    },
    "react-lifecycles-compat": {
      "version": "3.0.4",
      "resolved": "https://registry.npmjs.org/react-lifecycles-compat/-/react-lifecycles-compat-3.0.4.tgz",
      "integrity": "sha512-fBASbA6LnOU9dOU2eW7aQ8xmYBSXUIWr+UmF9b1efZBazGNO+rcXT/icdKnYm2pTwcRylVUYwW7H1PHfLekVzA=="
    },
    "react-virtualized": {
      "version": "9.22.3",
      "resolved": "https://registry.npmjs.org/react-virtualized/-/react-virtualized-9.22.3.tgz",
      "integrity": "sha512-MKovKMxWTcwPSxE1kK1HcheQTWfuCxAuBoSTf2gwyMM21NdX/PXUhnoP8Uc5dRKd+nKm8v41R36OellhdCpkrw==",
      "requires": {
        "@babel/runtime": "^7.7.2",
        "clsx": "^1.0.4",
        "dom-helpers": "^5.1.3",
        "loose-envify": "^1.4.0",
        "prop-types": "^15.7.2",
        "react-lifecycles-compat": "^3.0.4"
      }
    },
    "regenerator-runtime": {
      "version": "0.13.9",
      "resolved": "https://registry.npmjs.org/regenerator-runtime/-/regenerator-runtime-0.13.9.tgz",
      "integrity": "sha512-p3VT+cOEgxFsRRA9X4lkI1E+k2/CtnKtU4gcxyaCUreilL/vqI6CdZ3wxVUx3UOUg+gnUOQQcRI7BmSI656MYA=="
    },
    "rsuite": {
      "version": "5.15.1",
      "resolved": "https://registry.npmjs.org/rsuite/-/rsuite-5.15.1.tgz",
      "integrity": "sha512-3zNzCfrSnceMFvFgpgBlgc/kfGaIwgqO8mm5lBfX9vRMMQiGgsqfHAMXvwbTWP3hPhMyi5y8gY/VYgcnWqfN+A==",
      "requires": {
        "@babel/runtime": "^7.8.4",
        "@juggle/resize-observer": "^3.3.1",
        "@rsuite/icons": "^1.0.2",
        "@types/chai": "^4.2.18",
        "@types/lodash": "^4.14.134",
        "@types/prop-types": "^15.7.4",
        "@types/react-virtualized": "^9.21.11",
        "classnames": "^2.3.1",
        "date-fns": "^2.13.0",
        "dom-lib": "^3.1.2",
        "lodash": "^4.17.11",
        "prop-types": "^15.7.2",
        "react-virtualized": "^9.22.3",
        "rsuite-table": "^5.5.0",
        "schema-typed": "^2.0.2"
      }
    },
    "rsuite-table": {
      "version": "5.6.0",
      "resolved": "https://registry.npmjs.org/rsuite-table/-/rsuite-table-5.6.0.tgz",
      "integrity": "sha512-UWljBH/NKwUNv0260XCACUP9NnKqfKbF7NMKr1EQ/HpOlTLYU+kJO85/v7rNHq5fcuLl6p8xesgObbi35LWThg==",
      "requires": {
        "@babel/runtime": "^7.12.5",
        "@juggle/resize-observer": "^3.3.1",
        "@rsuite/icons": "^1.0.0",
        "classnames": "^2.2.5",
        "dom-lib": "^3.1.2",
        "lodash": "^4.17.21",
        "react-is": "^17.0.2"
      },
      "dependencies": {
        "react-is": {
          "version": "17.0.2",
          "resolved": "https://registry.npmjs.org/react-is/-/react-is-17.0.2.tgz",
          "integrity": "sha512-w2GsyukL62IJnlaff/nRegPQR94C/XXamvMWmSHRJ4y7Ts/4ocGRmTHvOs8PSE6pB3dWOrD/nueuU5sduBsQ4w=="
        }
      }
    },
    "scheduler": {
      "version": "0.19.1",
      "resolved": "https://registry.npmjs.org/scheduler/-/scheduler-0.19.1.tgz",
      "integrity": "sha512-n/zwRWRYSUj0/3g/otKDRPMh6qv2SYMWNq85IEa8iZyAv8od9zDYpGSnpBEjNgcMNq6Scbu5KfIPxNF72R/2EA==",
      "peer": true,
      "requires": {
        "loose-envify": "^1.1.0",
        "object-assign": "^4.1.1"
      }
    },
    "schema-typed": {
      "version": "2.0.2",
      "resolved": "https://registry.npmjs.org/schema-typed/-/schema-typed-2.0.2.tgz",
      "integrity": "sha512-E8GAANjZ8oYwyQJEyf/93W1QERTCwu8N7aMUbgBWbYvqzZE8f/kAZaL5D9knr7yLEgMnwJQ4pd8x8EVZ0PpzUA==",
      "requires": {
        "@babel/runtime": "^7.16.0"
      }
    }
  }
}
